
Microsoft Visual Studio Solution File, Format Version 12.00
# Visual Studio Version 16
VisualStudioVersion = 16.0.29613.14
MinimumVisualStudioVersion = 10.0.40219.1
Project("{FAE04EC0-301F-11D3-BF4B-00C04F79EFBC}") = "KafkaConsumer", "KafkaConsumer.csproj", "{EE418079-A5AF-4EA4-BA49-F33D6ADA4353}"
EndProject
Global
	GlobalSection(SolutionConfigurationPlatforms) = preSolution
		Debug|Any CPU = Debug|Any CPU
		Release|Any CPU = Release|Any CPU
	EndGlobalSection
	GlobalSection(ProjectConfigurationPlatforms) = postSolution
		{EE418079-A5AF-4EA4-BA49-F33D6ADA4353}.Debug|Any CPU.ActiveCfg = Debug|Any CPU
		{EE418079-A5AF-4EA4-BA49-F33D6ADA4353}.Debug|Any CPU.Build.0 = Debug|Any CPU
		{EE418079-A5AF-4EA4-BA49-F33D6ADA4353}.Release|Any CPU.ActiveCfg = Release|Any CPU
		{EE418079-A5AF-4EA4-BA49-F33D6ADA4353}.Release|Any CPU.Build.0 = Release|Any CPU
	EndGlobalSection
	GlobalSection(SolutionProperties) = preSolution
		HideSolutionNode = FALSE
	EndGlobalSection
	GlobalSection(ExtensibilityGlobals) = postSolution
		SolutionGuid = {C27B46BA-EADC-4421-A51A-D25ACF3A0B4E}
	EndGlobalSection
EndGlobal
